
Microsoft Visual Studio Solution File, Format Version 12.00
# Visual Studio Version 17
VisualStudioVersion = 17.9.34407.89
MinimumVisualStudioVersion = 10.0.40219.1
Project("{FAE04EC0-301F-11D3-BF4B-00C04F79EFBC}") = "blog_website", "blog_website\blog_website.csproj", "{56A2F76B-3255-4F07-B787-5CB0F07FE260}"
EndProject
Global
	GlobalSection(SolutionConfigurationPlatforms) = preSolution
		Debug|Any CPU = Debug|Any CPU
		Release|Any CPU = Release|Any CPU
	EndGlobalSection
	GlobalSection(ProjectConfigurationPlatforms) = postSolution
		{56A2F76B-3255-4F07-B787-5CB0F07FE260}.Debug|Any CPU.ActiveCfg = Debug|Any CPU
		{56A2F76B-3255-4F07-B787-5CB0F07FE260}.Debug|Any CPU.Build.0 = Debug|Any CPU
		{56A2F76B-3255-4F07-B787-5CB0F07FE260}.Release|Any CPU.ActiveCfg = Release|Any CPU
		{56A2F76B-3255-4F07-B787-5CB0F07FE260}.Release|Any CPU.Build.0 = Release|Any CPU
	EndGlobalSection
	GlobalSection(SolutionProperties) = preSolution
		HideSolutionNode = FALSE
	EndGlobalSection
	GlobalSection(ExtensibilityGlobals) = postSolution
		SolutionGuid = {73A7E3D3-4D8D-479D-A42F-A8AB156222CD}
	EndGlobalSection
EndGlobal
